{
  "version": 4,
  "terraform_version": "1.1.9",
  "serial": 7,
  "lineage": "aab0f718-9ded-10ed-d7ef-3c5f44501e52",
  "outputs": {},
  "resources": [
    {
      "mode": "managed",
      "type": "azurerm_resource_group",
      "name": "web_server_rg",
      "provider": "provider[\"registry.terraform.io/hashicorp/azurerm\"]",
      "instances": [
        {
          "schema_version": 0,
          "attributes": {
            "id": "/subscriptions/fb1304df-9121-48af-b4b5-a297a620249c/resourceGroups/web-rg",
            "location": "westus2",
            "name": "web-rg",
            "tags": {},
            "timeouts": null
          },
          "sensitive_attributes": [],
          "private": "eyJlMmJmYjczMC1lY2FhLTExZTYtOGY4OC0zNDM2M2JjN2M0YzAiOnsiY3JlYXRlIjo1NDAwMDAwMDAwMDAwLCJkZWxldGUiOjU0MDAwMDAwMDAwMDAsInJlYWQiOjMwMDAwMDAwMDAwMCwidXBkYXRlIjo1NDAwMDAwMDAwMDAwfX0="
        }
      ]
    },
    {
      "mode": "managed",
      "type": "azurerm_virtual_network",
      "name": "web_server_vnet",
      "provider": "provider[\"registry.terraform.io/hashicorp/azurerm\"]",
      "instances": [
        {
          "schema_version": 0,
          "attributes": {
            "address_space": [
              "1.0.0.0/22"
            ],
            "ddos_protection_plan": [],
            "dns_servers": null,
            "guid": "4630096e-f19f-4e1a-9bd6-65b47af92ba6",
            "id": "/subscriptions/fb1304df-9121-48af-b4b5-a297a620249c/resourceGroups/web-rg/providers/Microsoft.Network/virtualNetworks/web-server-vnet",
            "location": "westus2",
            "name": "web-server-vnet",
            "resource_group_name": "web-rg",
            "subnet": [],
            "tags": null,
            "timeouts": null
          },
          "sensitive_attributes": [],
          "private": "eyJlMmJmYjczMC1lY2FhLTExZTYtOGY4OC0zNDM2M2JjN2M0YzAiOnsiY3JlYXRlIjoxODAwMDAwMDAwMDAwLCJkZWxldGUiOjE4MDAwMDAwMDAwMDAsInJlYWQiOjMwMDAwMDAwMDAwMCwidXBkYXRlIjoxODAwMDAwMDAwMDAwfX0=",
          "dependencies": [
            "azurerm_resource_group.web_server_rg"
          ]
        }
      ]
    }
  ]
}
